
Microsoft Visual Studio Solution File, Format Version 12.00
# Visual Studio Version 17
VisualStudioVersion = 17.4.33213.308
MinimumVisualStudioVersion = 10.0.40219.1
Project("{9A19103F-16F7-4668-BE54-9A1E7A4F7556}") = "SqlScrippter", "PostgeSQLScrippter\SqlScrippter.csproj", "{DA72B2BC-B6F3-4852-9807-CDD10EA2C6D7}"
EndProject
Global
	GlobalSection(SolutionConfigurationPlatforms) = preSolution
		Debug|Any CPU = Debug|Any CPU
		Release|Any CPU = Release|Any CPU
	EndGlobalSection
	GlobalSection(ProjectConfigurationPlatforms) = postSolution
		{DA72B2BC-B6F3-4852-9807-CDD10EA2C6D7}.Debug|Any CPU.ActiveCfg = Debug|Any CPU
		{DA72B2BC-B6F3-4852-9807-CDD10EA2C6D7}.Debug|Any CPU.Build.0 = Debug|Any CPU
		{DA72B2BC-B6F3-4852-9807-CDD10EA2C6D7}.Release|Any CPU.ActiveCfg = Release|Any CPU
		{DA72B2BC-B6F3-4852-9807-CDD10EA2C6D7}.Release|Any CPU.Build.0 = Release|Any CPU
	EndGlobalSection
	GlobalSection(SolutionProperties) = preSolution
		HideSolutionNode = FALSE
	EndGlobalSection
	GlobalSection(ExtensibilityGlobals) = postSolution
		SolutionGuid = {6BB1859A-3420-47AD-8964-20C618615763}
	EndGlobalSection
EndGlobal
